github.com/davecgh/go-spew v1.1.1 h1:vj9j/u1bqnvCEfJOwUhtlOARqs3+rkHYY13jYWTU97c=
github.com/davecgh/go-spew v1.1.1/go.mod h1:J7Y8YcW2NihsgmVo/mv3lAwl/skON4iLHjSsI+c5H38=
github.com/engmtcdrm/go-ansi v1.0.1 h1:EuCZwIIjBxIPZECCsLqW7oix1OajU84yhfLMdrhHn/I=
github.com/engmtcdrm/go-ansi v1.0.1/go.mod h1:JU8Qdj73+kwuR7TVUGywKJiiw7oiLLg9L1tsOTsDecE=
github.com/engmtcdrm/go-prettyprint v1.1.0 h1:Cbr+XjM7lwVqh+Nmd0CxPFmnsOnKMXti2ogbfWLMYO4=
github.com/engmtcdrm/go-prettyprint v1.1.0/go.mod h1:/U40kVhDdncIcY1ao+8BogPn4JWbpix+gXHAGKEQAuE=
github.com/pmezard/go-difflib v1.0.0 h1:4DBwDE0NGyQoBHbLQYPwSUPoCMWR5BEzIk/f1lZbAQM=
github.com/pmezard/go-difflib v1.0.0/go.mod h1:iKH77koFhYxTK1pcRnkKkqfTogsbg7gZNVY4sRDYZ/4=
github.com/stretchr/testify v1.9.0 h1:HtqpIVDClZ4nwg75+f6Lvsy/wHu+3BoSGCbBAcpTsTg=
github.com/stretchr/testify v1.9.0/go.mod h1:r2ic/lqez/lEtzL7wO/rwa5dbSLXVDPFyf8C91i36aY=
gopkg.in/yaml.v3 v3.0.1 h1:fxVm/GzAzEWqLHuvctI91KS9hhNmmWOoWu0XTYJS7CA=
gopkg.in/yaml.v3 v3.0.1/go.mod h1:K4uyk7z7BCEPqu6E+C64Yfv1cQ7kz7rIZviUmN+EgEM=
